// !$*UTF8*$!
{
	archiveVersion = 1;
	classes = {
	};
	objectVersion = 46;
	objects = {

/* Begin PBXBuildFile section */
		0207DA581B56EA530066E2B4 /* Images.xcassets in Resources */ = {isa = PBXBuildFile; fileRef = 0207DA571B56EA530066E2B4 /* Images.xcassets */; };
		1D3623260D0F684500981E51 /* AppDelegate.m in Sources */ = {isa = PBXBuildFile; fileRef = 1D3623250D0F684500981E51 /* AppDelegate.m */; };
		1D60589B0D05DD56006BFB54 /* main.m in Sources */ = {isa = PBXBuildFile; fileRef = 29B97316FDCFA39411CA2CEA /* main.m */; };
		301BF552109A68D80062928A /* libCordova.a in Frameworks */ = {isa = PBXBuildFile; fileRef = 301BF535109A57CC0062928A /* libCordova.a */; };
		302D95F114D2391D003F00A1 /* MainViewController.m in Sources */ = {isa = PBXBuildFile; fileRef = 302D95EF14D2391D003F00A1 /* MainViewController.m */; };
		302D95F214D2391D003F00A1 /* MainViewController.xib in Resources */ = {isa = PBXBuildFile; fileRef = 302D95F014D2391D003F00A1 /* MainViewController.xib */; };
		6AFF5BF91D6E424B00AB3073 /* CDVLaunchScreen.storyboard in Resources */ = {isa = PBXBuildFile; fileRef = 6AFF5BF81D6E424B00AB3073 /* CDVLaunchScreen.storyboard */; };
		DDBEBA4A21F4BAAD0027BB01 /* AuthViewController.m in Sources */ = {isa = PBXBuildFile; fileRef = DDBEBA3C21F4BAAD0027BB01 /* AuthViewController.m */; };
		DDBEBA4B21F4BAAD0027BB01 /* ItemViewPlugin.m in Sources */ = {isa = PBXBuildFile; fileRef = DDBEBA3E21F4BAAD0027BB01 /* ItemViewPlugin.m */; };
		DDBEBA4C21F4BAAD0027BB01 /* ListPlugin.m in Sources */ = {isa = PBXBuildFile; fileRef = DDBEBA4021F4BAAD0027BB01 /* ListPlugin.m */; };
		DDBEBA4D21F4BAAD0027BB01 /* Main.storyboard in Resources */ = {isa = PBXBuildFile; fileRef = DDBEBA4121F4BAAD0027BB01 /* Main.storyboard */; };
		DDBEBA4E21F4BAAD0027BB01 /* NavigationPlugin.m in Sources */ = {isa = PBXBuildFile; fileRef = DDBEBA4321F4BAAD0027BB01 /* NavigationPlugin.m */; };
		DDBEBA4F21F4BAAD0027BB01 /* PoolsTableViewCell.m in Sources */ = {isa = PBXBuildFile; fileRef = DDBEBA4521F4BAAD0027BB01 /* PoolsTableViewCell.m */; };
		DDBEBA5021F4BAAD0027BB01 /* PoolsTableViewController.m in Sources */ = {isa = PBXBuildFile; fileRef = DDBEBA4721F4BAAD0027BB01 /* PoolsTableViewController.m */; };
		DDBEBA5121F4BAAD0027BB01 /* PoolTableViewController.m in Sources */ = {isa = PBXBuildFile; fileRef = DDBEBA4921F4BAAD0027BB01 /* PoolTableViewController.m */; };
		DDEB0C7721F5350C00B0807E /* README in Resources */ = {isa = PBXBuildFile; fileRef = DDEB0C5221F5350C00B0807E /* README */; };
		DDEB0C7821F5350C00B0807E /* AppDelegate+CULPlugin.m in Sources */ = {isa = PBXBuildFile; fileRef = DDEB0C5521F5350C00B0807E /* AppDelegate+CULPlugin.m */; };
		DDEB0C7921F5350C00B0807E /* CULPlugin.m in Sources */ = {isa = PBXBuildFile; fileRef = DDEB0C5721F5350C00B0807E /* CULPlugin.m */; };
		DDEB0C7A21F5350C00B0807E /* CDVInvokedUrlCommand+CULPlugin.m in Sources */ = {isa = PBXBuildFile; fileRef = DDEB0C5A21F5350C00B0807E /* CDVInvokedUrlCommand+CULPlugin.m */; };
		DDEB0C7B21F5350C00B0807E /* CDVPluginResult+CULPlugin.m in Sources */ = {isa = PBXBuildFile; fileRef = DDEB0C5C21F5350C00B0807E /* CDVPluginResult+CULPlugin.m */; };
		DDEB0C7C21F5350C00B0807E /* CULHost.m in Sources */ = {isa = PBXBuildFile; fileRef = DDEB0C5F21F5350C00B0807E /* CULHost.m */; };
		DDEB0C7D21F5350C00B0807E /* CULPath.m in Sources */ = {isa = PBXBuildFile; fileRef = DDEB0C6121F5350C00B0807E /* CULPath.m */; };
		DDEB0C7E21F5350C00B0807E /* CULConfigJsonParser.m in Sources */ = {isa = PBXBuildFile; fileRef = DDEB0C6521F5350C00B0807E /* CULConfigJsonParser.m */; };
		DDEB0C7F21F5350C00B0807E /* CULConfigXmlParser.m in Sources */ = {isa = PBXBuildFile; fileRef = DDEB0C6821F5350C00B0807E /* CULConfigXmlParser.m */; };
		DDEB0C8021F5350C00B0807E /* CULXmlTags.m in Sources */ = {isa = PBXBuildFile; fileRef = DDEB0C6A21F5350C00B0807E /* CULXmlTags.m */; };
		DDEB0C8121F5350C00B0807E /* NSBundle+CULPlugin.m in Sources */ = {isa = PBXBuildFile; fileRef = DDEB0C6D21F5350C00B0807E /* NSBundle+CULPlugin.m */; };
		DDEB0C8221F5350C00B0807E /* CDVInAppBrowser.m in Sources */ = {isa = PBXBuildFile; fileRef = DDEB0C7021F5350C00B0807E /* CDVInAppBrowser.m */; };
		DDEB0C8321F5350C00B0807E /* CBTBrowserTab.m in Sources */ = {isa = PBXBuildFile; fileRef = DDEB0C7321F5350C00B0807E /* CBTBrowserTab.m */; };
		DDEB0C8421F5350C00B0807E /* CDVBuildInfo.m in Sources */ = {isa = PBXBuildFile; fileRef = DDEB0C7621F5350C00B0807E /* CDVBuildInfo.m */; };
		E1C3D0D3A425496EB6DFC749 /* GoogleService-Info.plist in Resources */ = {isa = PBXBuildFile; fileRef = 83068E1E9EB144F3BD2E14D5 /* GoogleService-Info.plist */; };
/* End PBXBuildFile section */

/* Begin PBXContainerItemProxy section */
		301BF534109A57CC0062928A /* PBXContainerItemProxy */ = {
			isa = PBXContainerItemProxy;
			containerPortal = 301BF52D109A57CC0062928A /* CordovaLib.xcodeproj */;
			proxyType = 2;
			remoteGlobalIDString = D2AAC07E0554694100DB518D;
			remoteInfo = CordovaLib;
		};
		301BF550109A68C00062928A /* PBXContainerItemProxy */ = {
			isa = PBXContainerItemProxy;
			containerPortal = 301BF52D109A57CC0062928A /* CordovaLib.xcodeproj */;
			proxyType = 1;
			remoteGlobalIDString = D2AAC07D0554694100DB518D;
			remoteInfo = CordovaLib;
		};
		DDBEBA3821F4B1AF0027BB01 /* PBXContainerItemProxy */ = {
			isa = PBXContainerItemProxy;
			containerPortal = 301BF52D109A57CC0062928A /* CordovaLib.xcodeproj */;
			proxyType = 2;
			remoteGlobalIDString = C0C01EB21E3911D50056E6CB;
			remoteInfo = Cordova;
		};
/* End PBXContainerItemProxy section */

/* Begin PBXFileReference section */
		0207DA571B56EA530066E2B4 /* Images.xcassets */ = {isa = PBXFileReference; lastKnownFileType = folder.assetcatalog; name = Images.xcassets; path = HybridPool/Images.xcassets; sourceTree = SOURCE_ROOT; };
		1D3623240D0F684500981E51 /* AppDelegate.h */ = {isa = PBXFileReference; fileEncoding = 4; lastKnownFileType = sourcecode.c.h; path = AppDelegate.h; sourceTree = "<group>"; };
		1D3623250D0F684500981E51 /* AppDelegate.m */ = {isa = PBXFileReference; fileEncoding = 4; lastKnownFileType = sourcecode.c.objc; path = AppDelegate.m; sourceTree = "<group>"; };
		1D6058910D05DD3D006BFB54 /* HybridPool.app */ = {isa = PBXFileReference; explicitFileType = wrapper.application; includeInIndex = 0; path = HybridPool.app; sourceTree = BUILT_PRODUCTS_DIR; };
		29B97316FDCFA39411CA2CEA /* main.m */ = {isa = PBXFileReference; fileEncoding = 4; lastKnownFileType = sourcecode.c.objc; path = main.m; sourceTree = "<group>"; };
		301BF52D109A57CC0062928A /* CordovaLib.xcodeproj */ = {isa = PBXFileReference; lastKnownFileType = "wrapper.pb-project"; name = CordovaLib.xcodeproj; path = CordovaLib/CordovaLib.xcodeproj; sourceTree = "<group>"; };
		301BF56E109A69640062928A /* www */ = {isa = PBXFileReference; lastKnownFileType = folder; path = www; sourceTree = SOURCE_ROOT; };
		302D95EE14D2391D003F00A1 /* MainViewController.h */ = {isa = PBXFileReference; fileEncoding = 4; lastKnownFileType = sourcecode.c.h; path = MainViewController.h; sourceTree = "<group>"; };
		302D95EF14D2391D003F00A1 /* MainViewController.m */ = {isa = PBXFileReference; fileEncoding = 4; lastKnownFileType = sourcecode.c.objc; path = MainViewController.m; sourceTree = "<group>"; };
		302D95F014D2391D003F00A1 /* MainViewController.xib */ = {isa = PBXFileReference; fileEncoding = 4; lastKnownFileType = file.xib; path = MainViewController.xib; sourceTree = "<group>"; };
		3047A50F1AB8059700498E2A /* build-debug.xcconfig */ = {isa = PBXFileReference; fileEncoding = 4; lastKnownFileType = text.xcconfig; name = "build-debug.xcconfig"; path = "cordova/build-debug.xcconfig"; sourceTree = SOURCE_ROOT; };
		3047A5101AB8059700498E2A /* build-release.xcconfig */ = {isa = PBXFileReference; fileEncoding = 4; lastKnownFileType = text.xcconfig; name = "build-release.xcconfig"; path = "cordova/build-release.xcconfig"; sourceTree = SOURCE_ROOT; };
		3047A5111AB8059700498E2A /* build.xcconfig */ = {isa = PBXFileReference; fileEncoding = 4; lastKnownFileType = text.xcconfig; name = build.xcconfig; path = cordova/build.xcconfig; sourceTree = SOURCE_ROOT; };
		32CA4F630368D1EE00C91783 /* HybridPool-Prefix.pch */ = {isa = PBXFileReference; fileEncoding = 4; lastKnownFileType = sourcecode.c.h; path = "HybridPool-Prefix.pch"; sourceTree = "<group>"; };
		6AFF5BF81D6E424B00AB3073 /* CDVLaunchScreen.storyboard */ = {isa = PBXFileReference; fileEncoding = 4; lastKnownFileType = file.storyboard; name = CDVLaunchScreen.storyboard; path = HybridPool/CDVLaunchScreen.storyboard; sourceTree = SOURCE_ROOT; };
		83068E1E9EB144F3BD2E14D5 /* GoogleService-Info.plist */ = {isa = PBXFileReference; explicitFileType = undefined; fileEncoding = 4; includeInIndex = 0; lastKnownFileType = text.plist.xml; path = "GoogleService-Info.plist"; sourceTree = "<group>"; };
		8D1107310486CEB800E47090 /* HybridPool-Info.plist */ = {isa = PBXFileReference; fileEncoding = 4; lastKnownFileType = text.plist.xml; name = "HybridPool-Info.plist"; path = "HybridPool/HybridPool-Info.plist"; plistStructureDefinitionIdentifier = "com.apple.xcode.plist.structure-definition.iphone.info-plist"; sourceTree = SOURCE_ROOT; };
		DDBEBA3B21F4BAAD0027BB01 /* AuthViewController.h */ = {isa = PBXFileReference; fileEncoding = 4; lastKnownFileType = sourcecode.c.h; path = AuthViewController.h; sourceTree = "<group>"; };
		DDBEBA3C21F4BAAD0027BB01 /* AuthViewController.m */ = {isa = PBXFileReference; fileEncoding = 4; lastKnownFileType = sourcecode.c.objc; path = AuthViewController.m; sourceTree = "<group>"; };
		DDBEBA3D21F4BAAD0027BB01 /* ItemViewPlugin.h */ = {isa = PBXFileReference; fileEncoding = 4; lastKnownFileType = sourcecode.c.h; path = ItemViewPlugin.h; sourceTree = "<group>"; };
		DDBEBA3E21F4BAAD0027BB01 /* ItemViewPlugin.m */ = {isa = PBXFileReference; fileEncoding = 4; lastKnownFileType = sourcecode.c.objc; path = ItemViewPlugin.m; sourceTree = "<group>"; };
		DDBEBA3F21F4BAAD0027BB01 /* ListPlugin.h */ = {isa = PBXFileReference; fileEncoding = 4; lastKnownFileType = sourcecode.c.h; path = ListPlugin.h; sourceTree = "<group>"; };
		DDBEBA4021F4BAAD0027BB01 /* ListPlugin.m */ = {isa = PBXFileReference; fileEncoding = 4; lastKnownFileType = sourcecode.c.objc; path = ListPlugin.m; sourceTree = "<group>"; };
		DDBEBA4121F4BAAD0027BB01 /* Main.storyboard */ = {isa = PBXFileReference; fileEncoding = 4; lastKnownFileType = file.storyboard; path = Main.storyboard; sourceTree = "<group>"; };
		DDBEBA4221F4BAAD0027BB01 /* NavigationPlugin.h */ = {isa = PBXFileReference; fileEncoding = 4; lastKnownFileType = sourcecode.c.h; path = NavigationPlugin.h; sourceTree = "<group>"; };
		DDBEBA4321F4BAAD0027BB01 /* NavigationPlugin.m */ = {isa = PBXFileReference; fileEncoding = 4; lastKnownFileType = sourcecode.c.objc; path = NavigationPlugin.m; sourceTree = "<group>"; };
		DDBEBA4421F4BAAD0027BB01 /* PoolsTableViewCell.h */ = {isa = PBXFileReference; fileEncoding = 4; lastKnownFileType = sourcecode.c.h; path = PoolsTableViewCell.h; sourceTree = "<group>"; };
		DDBEBA4521F4BAAD0027BB01 /* PoolsTableViewCell.m */ = {isa = PBXFileReference; fileEncoding = 4; lastKnownFileType = sourcecode.c.objc; path = PoolsTableViewCell.m; sourceTree = "<group>"; };
		DDBEBA4621F4BAAD0027BB01 /* PoolsTableViewController.h */ = {isa = PBXFileReference; fileEncoding = 4; lastKnownFileType = sourcecode.c.h; path = PoolsTableViewController.h; sourceTree = "<group>"; };
		DDBEBA4721F4BAAD0027BB01 /* PoolsTableViewController.m */ = {isa = PBXFileReference; fileEncoding = 4; lastKnownFileType = sourcecode.c.objc; path = PoolsTableViewController.m; sourceTree = "<group>"; };
		DDBEBA4821F4BAAD0027BB01 /* PoolTableViewController.h */ = {isa = PBXFileReference; fileEncoding = 4; lastKnownFileType = sourcecode.c.h; path = PoolTableViewController.h; sourceTree = "<group>"; };
		DDBEBA4921F4BAAD0027BB01 /* PoolTableViewController.m */ = {isa = PBXFileReference; fileEncoding = 4; lastKnownFileType = sourcecode.c.objc; path = PoolTableViewController.m; sourceTree = "<group>"; };
		DDEB0C5221F5350C00B0807E /* README */ = {isa = PBXFileReference; fileEncoding = 4; lastKnownFileType = text; path = README; sourceTree = "<group>"; };
		DDEB0C5421F5350C00B0807E /* AppDelegate+CULPlugin.h */ = {isa = PBXFileReference; fileEncoding = 4; lastKnownFileType = sourcecode.c.h; path = "AppDelegate+CULPlugin.h"; sourceTree = "<group>"; };
		DDEB0C5521F5350C00B0807E /* AppDelegate+CULPlugin.m */ = {isa = PBXFileReference; fileEncoding = 4; lastKnownFileType = sourcecode.c.objc; path = "AppDelegate+CULPlugin.m"; sourceTree = "<group>"; };
		DDEB0C5621F5350C00B0807E /* CULPlugin.h */ = {isa = PBXFileReference; fileEncoding = 4; lastKnownFileType = sourcecode.c.h; path = CULPlugin.h; sourceTree = "<group>"; };
		DDEB0C5721F5350C00B0807E /* CULPlugin.m */ = {isa = PBXFileReference; fileEncoding = 4; lastKnownFileType = sourcecode.c.objc; path = CULPlugin.m; sourceTree = "<group>"; };
		DDEB0C5921F5350C00B0807E /* CDVInvokedUrlCommand+CULPlugin.h */ = {isa = PBXFileReference; fileEncoding = 4; lastKnownFileType = sourcecode.c.h; path = "CDVInvokedUrlCommand+CULPlugin.h"; sourceTree = "<group>"; };
		DDEB0C5A21F5350C00B0807E /* CDVInvokedUrlCommand+CULPlugin.m */ = {isa = PBXFileReference; fileEncoding = 4; lastKnownFileType = sourcecode.c.objc; path = "CDVInvokedUrlCommand+CULPlugin.m"; sourceTree = "<group>"; };
		DDEB0C5B21F5350C00B0807E /* CDVPluginResult+CULPlugin.h */ = {isa = PBXFileReference; fileEncoding = 4; lastKnownFileType = sourcecode.c.h; path = "CDVPluginResult+CULPlugin.h"; sourceTree = "<group>"; };
		DDEB0C5C21F5350C00B0807E /* CDVPluginResult+CULPlugin.m */ = {isa = PBXFileReference; fileEncoding = 4; lastKnownFileType = sourcecode.c.objc; path = "CDVPluginResult+CULPlugin.m"; sourceTree = "<group>"; };
		DDEB0C5E21F5350C00B0807E /* CULHost.h */ = {isa = PBXFileReference; fileEncoding = 4; lastKnownFileType = sourcecode.c.h; path = CULHost.h; sourceTree = "<group>"; };
		DDEB0C5F21F5350C00B0807E /* CULHost.m */ = {isa = PBXFileReference; fileEncoding = 4; lastKnownFileType = sourcecode.c.objc; path = CULHost.m; sourceTree = "<group>"; };
		DDEB0C6021F5350C00B0807E /* CULPath.h */ = {isa = PBXFileReference; fileEncoding = 4; lastKnownFileType = sourcecode.c.h; path = CULPath.h; sourceTree = "<group>"; };
		DDEB0C6121F5350C00B0807E /* CULPath.m */ = {isa = PBXFileReference; fileEncoding = 4; lastKnownFileType = sourcecode.c.objc; path = CULPath.m; sourceTree = "<group>"; };
		DDEB0C6421F5350C00B0807E /* CULConfigJsonParser.h */ = {isa = PBXFileReference; fileEncoding = 4; lastKnownFileType = sourcecode.c.h; path = CULConfigJsonParser.h; sourceTree = "<group>"; };
		DDEB0C6521F5350C00B0807E /* CULConfigJsonParser.m */ = {isa = PBXFileReference; fileEncoding = 4; lastKnownFileType = sourcecode.c.objc; path = CULConfigJsonParser.m; sourceTree = "<group>"; };
		DDEB0C6721F5350C00B0807E /* CULConfigXmlParser.h */ = {isa = PBXFileReference; fileEncoding = 4; lastKnownFileType = sourcecode.c.h; path = CULConfigXmlParser.h; sourceTree = "<group>"; };
		DDEB0C6821F5350C00B0807E /* CULConfigXmlParser.m */ = {isa = PBXFileReference; fileEncoding = 4; lastKnownFileType = sourcecode.c.objc; path = CULConfigXmlParser.m; sourceTree = "<group>"; };
		DDEB0C6921F5350C00B0807E /* CULXmlTags.h */ = {isa = PBXFileReference; fileEncoding = 4; lastKnownFileType = sourcecode.c.h; path = CULXmlTags.h; sourceTree = "<group>"; };
		DDEB0C6A21F5350C00B0807E /* CULXmlTags.m */ = {isa = PBXFileReference; fileEncoding = 4; lastKnownFileType = sourcecode.c.objc; path = CULXmlTags.m; sourceTree = "<group>"; };
		DDEB0C6C21F5350C00B0807E /* NSBundle+CULPlugin.h */ = {isa = PBXFileReference; fileEncoding = 4; lastKnownFileType = sourcecode.c.h; path = "NSBundle+CULPlugin.h"; sourceTree = "<group>"; };
		DDEB0C6D21F5350C00B0807E /* NSBundle+CULPlugin.m */ = {isa = PBXFileReference; fileEncoding = 4; lastKnownFileType = sourcecode.c.objc; path = "NSBundle+CULPlugin.m"; sourceTree = "<group>"; };
		DDEB0C6F21F5350C00B0807E /* CDVInAppBrowser.h */ = {isa = PBXFileReference; fileEncoding = 4; lastKnownFileType = sourcecode.c.h; path = CDVInAppBrowser.h; sourceTree = "<group>"; };
		DDEB0C7021F5350C00B0807E /* CDVInAppBrowser.m */ = {isa = PBXFileReference; fileEncoding = 4; lastKnownFileType = sourcecode.c.objc; path = CDVInAppBrowser.m; sourceTree = "<group>"; };
		DDEB0C7221F5350C00B0807E /* CBTBrowserTab.h */ = {isa = PBXFileReference; fileEncoding = 4; lastKnownFileType = sourcecode.c.h; path = CBTBrowserTab.h; sourceTree = "<group>"; };
		DDEB0C7321F5350C00B0807E /* CBTBrowserTab.m */ = {isa = PBXFileReference; fileEncoding = 4; lastKnownFileType = sourcecode.c.objc; path = CBTBrowserTab.m; sourceTree = "<group>"; };
		DDEB0C7521F5350C00B0807E /* CDVBuildInfo.h */ = {isa = PBXFileReference; fileEncoding = 4; lastKnownFileType = sourcecode.c.h; path = CDVBuildInfo.h; sourceTree = "<group>"; };
		DDEB0C7621F5350C00B0807E /* CDVBuildInfo.m */ = {isa = PBXFileReference; fileEncoding = 4; lastKnownFileType = sourcecode.c.objc; path = CDVBuildInfo.m; sourceTree = "<group>"; };
		EB87FDF31871DA8E0020F90C /* www */ = {isa = PBXFileReference; lastKnownFileType = folder; name = www; path = ../../www; sourceTree = "<group>"; };
		EB87FDF41871DAF40020F90C /* config.xml */ = {isa = PBXFileReference; lastKnownFileType = text.xml; name = config.xml; path = ../../config.xml; sourceTree = "<group>"; };
		ED33DF2A687741AEAF9F8254 /* Bridging-Header.h */ = {isa = PBXFileReference; fileEncoding = 4; lastKnownFileType = sourcecode.c.h; path = "Bridging-Header.h"; sourceTree = "<group>"; };
		F840E1F0165FE0F500CFE078 /* config.xml */ = {isa = PBXFileReference; lastKnownFileType = text.xml; name = config.xml; path = HybridPool/config.xml; sourceTree = "<group>"; };
/* End PBXFileReference section */

/* Begin PBXFrameworksBuildPhase section */
		1D60588F0D05DD3D006BFB54 /* Frameworks */ = {
			isa = PBXFrameworksBuildPhase;
			buildActionMask = 2147483647;
			files = (
				301BF552109A68D80062928A /* libCordova.a in Frameworks */,
			);
			runOnlyForDeploymentPostprocessing = 0;
		};
/* End PBXFrameworksBuildPhase section */

/* Begin PBXGroup section */
		080E96DDFE201D6D7F000001 /* Classes */ = {
			isa = PBXGroup;
			children = (
				302D95EE14D2391D003F00A1 /* MainViewController.h */,
				302D95EF14D2391D003F00A1 /* MainViewController.m */,
				302D95F014D2391D003F00A1 /* MainViewController.xib */,
				1D3623240D0F684500981E51 /* AppDelegate.h */,
				1D3623250D0F684500981E51 /* AppDelegate.m */,
			);
			name = Classes;
			path = HybridPool/Classes;
			sourceTree = SOURCE_ROOT;
		};
		19C28FACFE9D520D11CA2CBB /* Products */ = {
			isa = PBXGroup;
			children = (
				1D6058910D05DD3D006BFB54 /* HybridPool.app */,
			);
			name = Products;
			sourceTree = "<group>";
		};
		29B97314FDCFA39411CA2CEA /* CustomTemplate */ = {
			isa = PBXGroup;
			children = (
				DDBEBA3A21F4BAAD0027BB01 /* native_ios */,
				EB87FDF41871DAF40020F90C /* config.xml */,
				EB87FDF31871DA8E0020F90C /* www */,
				EB87FDF11871DA420020F90C /* Staging */,
				301BF52D109A57CC0062928A /* CordovaLib.xcodeproj */,
				080E96DDFE201D6D7F000001 /* Classes */,
				307C750510C5A3420062BCA9 /* Plugins */,
				29B97315FDCFA39411CA2CEA /* Other Sources */,
				29B97317FDCFA39411CA2CEA /* Resources */,
				29B97323FDCFA39411CA2CEA /* Frameworks */,
				19C28FACFE9D520D11CA2CBB /* Products */,
			);
			name = CustomTemplate;
			sourceTree = "<group>";
		};
		29B97315FDCFA39411CA2CEA /* Other Sources */ = {
			isa = PBXGroup;
			children = (
				32CA4F630368D1EE00C91783 /* HybridPool-Prefix.pch */,
				29B97316FDCFA39411CA2CEA /* main.m */,
				ED33DF2A687741AEAF9F8254 /* Bridging-Header.h */,
			);
			name = "Other Sources";
			path = HybridPool;
			sourceTree = "<group>";
		};
		29B97317FDCFA39411CA2CEA /* Resources */ = {
			isa = PBXGroup;
			children = (
				0207DA571B56EA530066E2B4 /* Images.xcassets */,
				3047A50E1AB8057F00498E2A /* config */,
				8D1107310486CEB800E47090 /* HybridPool-Info.plist */,
				6AFF5BF81D6E424B00AB3073 /* CDVLaunchScreen.storyboard */,
				83068E1E9EB144F3BD2E14D5 /* GoogleService-Info.plist */,
			);
			name = Resources;
			path = HybridPool/Resources;
			sourceTree = "<group>";
		};
		29B97323FDCFA39411CA2CEA /* Frameworks */ = {
			isa = PBXGroup;
			children = (
			);
			name = Frameworks;
			sourceTree = "<group>";
		};
		301BF52E109A57CC0062928A /* Products */ = {
			isa = PBXGroup;
			children = (
				301BF535109A57CC0062928A /* libCordova.a */,
				DDBEBA3921F4B1AF0027BB01 /* Cordova.framework */,
			);
			name = Products;
			sourceTree = "<group>";
		};
		3047A50E1AB8057F00498E2A /* config */ = {
			isa = PBXGroup;
			children = (
				3047A50F1AB8059700498E2A /* build-debug.xcconfig */,
				3047A5101AB8059700498E2A /* build-release.xcconfig */,
				3047A5111AB8059700498E2A /* build.xcconfig */,
			);
			name = config;
			sourceTree = "<group>";
		};
		307C750510C5A3420062BCA9 /* Plugins */ = {
			isa = PBXGroup;
			children = (
				DDEB0C7121F5350C00B0807E /* cordova-plugin-browsertab */,
				DDEB0C7421F5350C00B0807E /* cordova-plugin-buildinfo */,
				DDEB0C6E21F5350C00B0807E /* cordova-plugin-inappbrowser */,
				DDEB0C5321F5350C00B0807E /* cordova-universal-links-plugin */,
				DDEB0C5221F5350C00B0807E /* README */,
			);
			name = Plugins;
			path = HybridPool/Plugins;
			sourceTree = SOURCE_ROOT;
		};
		DDBEBA3A21F4BAAD0027BB01 /* native_ios */ = {
			isa = PBXGroup;
			children = (
				DDBEBA3B21F4BAAD0027BB01 /* AuthViewController.h */,
				DDBEBA3C21F4BAAD0027BB01 /* AuthViewController.m */,
				DDBEBA3D21F4BAAD0027BB01 /* ItemViewPlugin.h */,
				DDBEBA3E21F4BAAD0027BB01 /* ItemViewPlugin.m */,
				DDBEBA3F21F4BAAD0027BB01 /* ListPlugin.h */,
				DDBEBA4021F4BAAD0027BB01 /* ListPlugin.m */,
				DDBEBA4121F4BAAD0027BB01 /* Main.storyboard */,
				DDBEBA4221F4BAAD0027BB01 /* NavigationPlugin.h */,
				DDBEBA4321F4BAAD0027BB01 /* NavigationPlugin.m */,
				DDBEBA4421F4BAAD0027BB01 /* PoolsTableViewCell.h */,
				DDBEBA4521F4BAAD0027BB01 /* PoolsTableViewCell.m */,
				DDBEBA4621F4BAAD0027BB01 /* PoolsTableViewController.h */,
				DDBEBA4721F4BAAD0027BB01 /* PoolsTableViewController.m */,
				DDBEBA4821F4BAAD0027BB01 /* PoolTableViewController.h */,
				DDBEBA4921F4BAAD0027BB01 /* PoolTableViewController.m */,
			);
			path = native_ios;
			sourceTree = "<group>";
		};
		DDEB0C5321F5350C00B0807E /* cordova-universal-links-plugin */ = {
			isa = PBXGroup;
			children = (
				DDEB0C5421F5350C00B0807E /* AppDelegate+CULPlugin.h */,
				DDEB0C5521F5350C00B0807E /* AppDelegate+CULPlugin.m */,
				DDEB0C5621F5350C00B0807E /* CULPlugin.h */,
				DDEB0C5721F5350C00B0807E /* CULPlugin.m */,
				DDEB0C5821F5350C00B0807E /* JS */,
				DDEB0C5D21F5350C00B0807E /* Model */,
				DDEB0C6221F5350C00B0807E /* Parser */,
				DDEB0C6B21F5350C00B0807E /* Utils */,
			);
			path = "cordova-universal-links-plugin";
			sourceTree = "<group>";
		};
		DDEB0C5821F5350C00B0807E /* JS */ = {
			isa = PBXGroup;
			children = (
				DDEB0C5921F5350C00B0807E /* CDVInvokedUrlCommand+CULPlugin.h */,
				DDEB0C5A21F5350C00B0807E /* CDVInvokedUrlCommand+CULPlugin.m */,
				DDEB0C5B21F5350C00B0807E /* CDVPluginResult+CULPlugin.h */,
				DDEB0C5C21F5350C00B0807E /* CDVPluginResult+CULPlugin.m */,
			);
			path = JS;
			sourceTree = "<group>";
		};
		DDEB0C5D21F5350C00B0807E /* Model */ = {
			isa = PBXGroup;
			children = (
				DDEB0C5E21F5350C00B0807E /* CULHost.h */,
				DDEB0C5F21F5350C00B0807E /* CULHost.m */,
				DDEB0C6021F5350C00B0807E /* CULPath.h */,
				DDEB0C6121F5350C00B0807E /* CULPath.m */,
			);
			path = Model;
			sourceTree = "<group>";
		};
		DDEB0C6221F5350C00B0807E /* Parser */ = {
			isa = PBXGroup;
			children = (
				DDEB0C6321F5350C00B0807E /* JSON */,
				DDEB0C6621F5350C00B0807E /* XML */,
			);
			path = Parser;
			sourceTree = "<group>";
		};
		DDEB0C6321F5350C00B0807E /* JSON */ = {
			isa = PBXGroup;
			children = (
				DDEB0C6421F5350C00B0807E /* CULConfigJsonParser.h */,
				DDEB0C6521F5350C00B0807E /* CULConfigJsonParser.m */,
			);
			path = JSON;
			sourceTree = "<group>";
		};
		DDEB0C6621F5350C00B0807E /* XML */ = {
			isa = PBXGroup;
			children = (
				DDEB0C6721F5350C00B0807E /* CULConfigXmlParser.h */,
				DDEB0C6821F5350C00B0807E /* CULConfigXmlParser.m */,
				DDEB0C6921F5350C00B0807E /* CULXmlTags.h */,
				DDEB0C6A21F5350C00B0807E /* CULXmlTags.m */,
			);
			path = XML;
			sourceTree = "<group>";
		};
		DDEB0C6B21F5350C00B0807E /* Utils */ = {
			isa = PBXGroup;
			children = (
				DDEB0C6C21F5350C00B0807E /* NSBundle+CULPlugin.h */,
				DDEB0C6D21F5350C00B0807E /* NSBundle+CULPlugin.m */,
			);
			path = Utils;
			sourceTree = "<group>";
		};
		DDEB0C6E21F5350C00B0807E /* cordova-plugin-inappbrowser */ = {
			isa = PBXGroup;
			children = (
				DDEB0C6F21F5350C00B0807E /* CDVInAppBrowser.h */,
				DDEB0C7021F5350C00B0807E /* CDVInAppBrowser.m */,
			);
			path = "cordova-plugin-inappbrowser";
			sourceTree = "<group>";
		};
		DDEB0C7121F5350C00B0807E /* cordova-plugin-browsertab */ = {
			isa = PBXGroup;
			children = (
				DDEB0C7221F5350C00B0807E /* CBTBrowserTab.h */,
				DDEB0C7321F5350C00B0807E /* CBTBrowserTab.m */,
			);
			path = "cordova-plugin-browsertab";
			sourceTree = "<group>";
		};
		DDEB0C7421F5350C00B0807E /* cordova-plugin-buildinfo */ = {
			isa = PBXGroup;
			children = (
				DDEB0C7521F5350C00B0807E /* CDVBuildInfo.h */,
				DDEB0C7621F5350C00B0807E /* CDVBuildInfo.m */,
			);
			path = "cordova-plugin-buildinfo";
			sourceTree = "<group>";
		};
		EB87FDF11871DA420020F90C /* Staging */ = {
			isa = PBXGroup;
			children = (
				F840E1F0165FE0F500CFE078 /* config.xml */,
				301BF56E109A69640062928A /* www */,
			);
			name = Staging;
			sourceTree = "<group>";
		};
/* End PBXGroup section */

/* Begin PBXNativeTarget section */
		1D6058900D05DD3D006BFB54 /* HybridPool */ = {
			isa = PBXNativeTarget;
			buildConfigurationList = 1D6058960D05DD3E006BFB54 /* Build configuration list for PBXNativeTarget "HybridPool" */;
			buildPhases = (
				304B58A110DAC018002A0835 /* Copy www directory */,
				1D60588D0D05DD3D006BFB54 /* Resources */,
				1D60588E0D05DD3D006BFB54 /* Sources */,
				1D60588F0D05DD3D006BFB54 /* Frameworks */,
			);
			buildRules = (
			);
			dependencies = (
				301BF551109A68C00062928A /* PBXTargetDependency */,
			);
			name = HybridPool;
			productName = HybridPool;
			productReference = 1D6058910D05DD3D006BFB54 /* HybridPool.app */;
			productType = "com.apple.product-type.application";
		};
/* End PBXNativeTarget section */

/* Begin PBXProject section */
		29B97313FDCFA39411CA2CEA /* Project object */ = {
			isa = PBXProject;
			attributes = {
				LastUpgradeCheck = 510;
				TargetAttributes = {
					1D6058900D05DD3D006BFB54 = {
						DevelopmentTeam = 6U9867H5L6;
						ProvisioningStyle = Manual;
						SystemCapabilities = {
							com.apple.Keychain = {
								enabled = 1;
							};
						};
					};
				};
			};
			buildConfigurationList = C01FCF4E08A954540054247B /* Build configuration list for PBXProject "HybridPool" */;
			compatibilityVersion = "Xcode 3.2";
			developmentRegion = English;
			hasScannedForEncodings = 1;
			knownRegions = (
				en,
			);
			mainGroup = 29B97314FDCFA39411CA2CEA /* CustomTemplate */;
			projectDirPath = "";
			projectReferences = (
				{
					ProductGroup = 301BF52E109A57CC0062928A /* Products */;
					ProjectRef = 301BF52D109A57CC0062928A /* CordovaLib.xcodeproj */;
				},
			);
			projectRoot = "";
			targets = (
				1D6058900D05DD3D006BFB54 /* HybridPool */,
			);
		};
/* End PBXProject section */

/* Begin PBXReferenceProxy section */
		301BF535109A57CC0062928A /* libCordova.a */ = {
			isa = PBXReferenceProxy;
			fileType = archive.ar;
			path = libCordova.a;
			remoteRef = 301BF534109A57CC0062928A /* PBXContainerItemProxy */;
			sourceTree = BUILT_PRODUCTS_DIR;
		};
		DDBEBA3921F4B1AF0027BB01 /* Cordova.framework */ = {
			isa = PBXReferenceProxy;
			fileType = wrapper.framework;
			path = Cordova.framework;
			remoteRef = DDBEBA3821F4B1AF0027BB01 /* PBXContainerItemProxy */;
			sourceTree = BUILT_PRODUCTS_DIR;
		};
/* End PBXReferenceProxy section */

/* Begin PBXResourcesBuildPhase section */
		1D60588D0D05DD3D006BFB54 /* Resources */ = {
			isa = PBXResourcesBuildPhase;
			buildActionMask = 2147483647;
			files = (
				DDEB0C7721F5350C00B0807E /* README in Resources */,
				302D95F214D2391D003F00A1 /* MainViewController.xib in Resources */,
				0207DA581B56EA530066E2B4 /* Images.xcassets in Resources */,
				6AFF5BF91D6E424B00AB3073 /* CDVLaunchScreen.storyboard in Resources */,
				DDBEBA4D21F4BAAD0027BB01 /* Main.storyboard in Resources */,
				E1C3D0D3A425496EB6DFC749 /* GoogleService-Info.plist in Resources */,
			);
			runOnlyForDeploymentPostprocessing = 0;
		};
/* End PBXResourcesBuildPhase section */

/* Begin PBXShellScriptBuildPhase section */
		304B58A110DAC018002A0835 /* Copy www directory */ = {
			isa = PBXShellScriptBuildPhase;
			buildActionMask = 2147483647;
			files = (
			);
			inputPaths = (
			);
			name = "Copy www directory";
			outputPaths = (
			);
			runOnlyForDeploymentPostprocessing = 0;
			shellPath = /bin/sh;
			shellScript = "NODEJS_PATH=/usr/local/bin; NVM_NODE_PATH=~/.nvm/versions/node/`nvm version 2>/dev/null`/bin; N_NODE_PATH=`find /usr/local/n/versions/node/* -maxdepth 0 -type d 2>/dev/null | tail -1`/bin; XCODE_NODE_PATH=`xcode-select --print-path`/usr/share/xcs/Node/bin; PATH=$NODEJS_PATH:$NVM_NODE_PATH:$N_NODE_PATH:$XCODE_NODE_PATH:$PATH && node cordova/lib/copy-www-build-step.js";
			showEnvVarsInLog = 0;
		};
/* End PBXShellScriptBuildPhase section */

/* Begin PBXSourcesBuildPhase section */
		1D60588E0D05DD3D006BFB54 /* Sources */ = {
			isa = PBXSourcesBuildPhase;
			buildActionMask = 2147483647;
			files = (
				DDBEBA4C21F4BAAD0027BB01 /* ListPlugin.m in Sources */,
				DDBEBA5021F4BAAD0027BB01 /* PoolsTableViewController.m in Sources */,
				DDBEBA4A21F4BAAD0027BB01 /* AuthViewController.m in Sources */,
				DDEB0C7F21F5350C00B0807E /* CULConfigXmlParser.m in Sources */,
				DDEB0C8321F5350C00B0807E /* CBTBrowserTab.m in Sources */,
				DDEB0C8121F5350C00B0807E /* NSBundle+CULPlugin.m in Sources */,
				DDEB0C7E21F5350C00B0807E /* CULConfigJsonParser.m in Sources */,
				1D60589B0D05DD56006BFB54 /* main.m in Sources */,
				DDEB0C7821F5350C00B0807E /* AppDelegate+CULPlugin.m in Sources */,
				DDEB0C7D21F5350C00B0807E /* CULPath.m in Sources */,
				DDEB0C7921F5350C00B0807E /* CULPlugin.m in Sources */,
				DDEB0C8421F5350C00B0807E /* CDVBuildInfo.m in Sources */,
				DDEB0C7A21F5350C00B0807E /* CDVInvokedUrlCommand+CULPlugin.m in Sources */,
				DDBEBA4E21F4BAAD0027BB01 /* NavigationPlugin.m in Sources */,
				1D3623260D0F684500981E51 /* AppDelegate.m in Sources */,
				302D95F114D2391D003F00A1 /* MainViewController.m in Sources */,
				DDBEBA5121F4BAAD0027BB01 /* PoolTableViewController.m in Sources */,
				DDBEBA4B21F4BAAD0027BB01 /* ItemViewPlugin.m in Sources */,
				DDEB0C8021F5350C00B0807E /* CULXmlTags.m in Sources */,
				DDBEBA4F21F4BAAD0027BB01 /* PoolsTableViewCell.m in Sources */,
				DDEB0C7B21F5350C00B0807E /* CDVPluginResult+CULPlugin.m in Sources */,
				DDEB0C7C21F5350C00B0807E /* CULHost.m in Sources */,
				DDEB0C8221F5350C00B0807E /* CDVInAppBrowser.m in Sources */,
			);
			runOnlyForDeploymentPostprocessing = 0;
		};
/* End PBXSourcesBuildPhase section */

/* Begin PBXTargetDependency section */
		301BF551109A68C00062928A /* PBXTargetDependency */ = {
			isa = PBXTargetDependency;
			name = CordovaLib;
			targetProxy = 301BF550109A68C00062928A /* PBXContainerItemProxy */;
		};
/* End PBXTargetDependency section */

/* Begin XCBuildConfiguration section */
		1D6058940D05DD3E006BFB54 /* Debug */ = {
			isa = XCBuildConfiguration;
			baseConfigurationReference = 3047A50F1AB8059700498E2A /* build-debug.xcconfig */;
			buildSettings = {
				ALWAYS_SEARCH_USER_PATHS = NO;
				ASSETCATALOG_COMPILER_APPICON_NAME = AppIcon;
				ASSETCATALOG_COMPILER_LAUNCHIMAGE_NAME = LaunchImage;
				CLANG_ENABLE_MODULES = YES;
				CLANG_ENABLE_OBJC_ARC = YES;
				CODE_SIGN_STYLE = Manual;
				COPY_PHASE_STRIP = NO;
				DEVELOPMENT_TEAM = 6U9867H5L6;
				GCC_DYNAMIC_NO_PIC = NO;
				GCC_OPTIMIZATION_LEVEL = 0;
				GCC_PRECOMPILE_PREFIX_HEADER = YES;
				GCC_PREFIX_HEADER = "HybridPool/HybridPool-Prefix.pch";
				GCC_THUMB_SUPPORT = NO;
				GCC_VERSION = "";
				HEADER_SEARCH_PATHS = (
					"\"$(TARGET_BUILD_DIR)/usr/local/lib/include\"",
					"\"$(OBJROOT)/UninstalledProducts/include\"",
					"\"$(OBJROOT)/UninstalledProducts/$(PLATFORM_NAME)/include\"",
					"\"$(BUILT_PRODUCTS_DIR)\"",
				);
				INFOPLIST_FILE = "HybridPool/HybridPool-Info.plist";
				IPHONEOS_DEPLOYMENT_TARGET = 9.0;
				LD_RUNPATH_SEARCH_PATHS = "@executable_path/Frameworks";
				PRODUCT_NAME = HybridPool;
				PROVISIONING_PROFILE_SPECIFIER = Pool;
				TARGETED_DEVICE_FAMILY = "1,2";
			};
			name = Debug;
		};
		1D6058950D05DD3E006BFB54 /* Release */ = {
			isa = XCBuildConfiguration;
			baseConfigurationReference = 3047A5101AB8059700498E2A /* build-release.xcconfig */;
			buildSettings = {
				ALWAYS_SEARCH_USER_PATHS = NO;
				ASSETCATALOG_COMPILER_APPICON_NAME = AppIcon;
				ASSETCATALOG_COMPILER_LAUNCHIMAGE_NAME = LaunchImage;
				CLANG_ENABLE_MODULES = YES;
				CLANG_ENABLE_OBJC_ARC = YES;
				CODE_SIGN_STYLE = Manual;
				COPY_PHASE_STRIP = YES;
				DEVELOPMENT_TEAM = 6U9867H5L6;
				GCC_PRECOMPILE_PREFIX_HEADER = YES;
				GCC_PREFIX_HEADER = "HybridPool/HybridPool-Prefix.pch";
				GCC_THUMB_SUPPORT = NO;
				GCC_VERSION = "";
				HEADER_SEARCH_PATHS = (
					"\"$(TARGET_BUILD_DIR)/usr/local/lib/include\"",
					"\"$(OBJROOT)/UninstalledProducts/include\"",
					"\"$(OBJROOT)/UninstalledProducts/$(PLATFORM_NAME)/include\"",
					"\"$(BUILT_PRODUCTS_DIR)\"",
				);
				INFOPLIST_FILE = "HybridPool/HybridPool-Info.plist";
				IPHONEOS_DEPLOYMENT_TARGET = 9.0;
				LD_RUNPATH_SEARCH_PATHS = "@executable_path/Frameworks";
				PRODUCT_NAME = HybridPool;
				PROVISIONING_PROFILE_SPECIFIER = Poolpool;
				TARGETED_DEVICE_FAMILY = "1,2";
			};
			name = Release;
		};
		C01FCF4F08A954540054247B /* Debug */ = {
			isa = XCBuildConfiguration;
			baseConfigurationReference = 3047A5111AB8059700498E2A /* build.xcconfig */;
			buildSettings = {
				CLANG_ENABLE_MODULES = YES;
				CLANG_ENABLE_OBJC_ARC = YES;
				CLANG_WARN_BOOL_CONVERSION = YES;
				CLANG_WARN_CONSTANT_CONVERSION = YES;
				CLANG_WARN_EMPTY_BODY = YES;
				CLANG_WARN_ENUM_CONVERSION = YES;
				CLANG_WARN_INT_CONVERSION = YES;
				CLANG_WARN__DUPLICATE_METHOD_MATCH = YES;
				GCC_C_LANGUAGE_STANDARD = c99;
				GCC_THUMB_SUPPORT = NO;
				GCC_VERSION = "";
				GCC_WARN_ABOUT_RETURN_TYPE = YES;
				GCC_WARN_UNDECLARED_SELECTOR = YES;
				GCC_WARN_UNINITIALIZED_AUTOS = YES;
				GCC_WARN_UNUSED_FUNCTION = YES;
				GCC_WARN_UNUSED_VARIABLE = YES;
				ONLY_ACTIVE_ARCH = YES;
				SDKROOT = iphoneos;
				SKIP_INSTALL = NO;
			};
			name = Debug;
		};
		C01FCF5008A954540054247B /* Release */ = {
			isa = XCBuildConfiguration;
			baseConfigurationReference = 3047A5111AB8059700498E2A /* build.xcconfig */;
			buildSettings = {
				CLANG_ENABLE_MODULES = YES;
				CLANG_ENABLE_OBJC_ARC = YES;
				CLANG_WARN_BOOL_CONVERSION = YES;
				CLANG_WARN_CONSTANT_CONVERSION = YES;
				CLANG_WARN_EMPTY_BODY = YES;
				CLANG_WARN_ENUM_CONVERSION = YES;
				CLANG_WARN_INT_CONVERSION = YES;
				CLANG_WARN__DUPLICATE_METHOD_MATCH = YES;
				GCC_C_LANGUAGE_STANDARD = c99;
				GCC_THUMB_SUPPORT = NO;
				GCC_VERSION = "";
				GCC_WARN_ABOUT_RETURN_TYPE = YES;
				GCC_WARN_UNDECLARED_SELECTOR = YES;
				GCC_WARN_UNINITIALIZED_AUTOS = YES;
				GCC_WARN_UNUSED_FUNCTION = YES;
				GCC_WARN_UNUSED_VARIABLE = YES;
				SDKROOT = iphoneos;
				SKIP_INSTALL = NO;
			};
			name = Release;
		};
/* End XCBuildConfiguration section */

/* Begin XCConfigurationList section */
		1D6058960D05DD3E006BFB54 /* Build configuration list for PBXNativeTarget "HybridPool" */ = {
			isa = XCConfigurationList;
			buildConfigurations = (
				1D6058940D05DD3E006BFB54 /* Debug */,
				1D6058950D05DD3E006BFB54 /* Release */,
			);
			defaultConfigurationIsVisible = 0;
			defaultConfigurationName = Release;
		};
		C01FCF4E08A954540054247B /* Build configuration list for PBXProject "HybridPool" */ = {
			isa = XCConfigurationList;
			buildConfigurations = (
				C01FCF4F08A954540054247B /* Debug */,
				C01FCF5008A954540054247B /* Release */,
			);
			defaultConfigurationIsVisible = 0;
			defaultConfigurationName = Release;
		};
/* End XCConfigurationList section */
	};
	rootObject = 29B97313FDCFA39411CA2CEA /* Project object */;
}
